<?xml version="1.0" encoding="utf-8"?>
<Project ToolsVersion="4.0" xmlns="http://schemas.microsoft.com/developer/msbuild/2003">
  <ItemGroup>
    <Filter Include="Source Files">
      <UniqueIdentifier>{4FC737F1-C7A5-4376-A066-2A32D752A2FF}</UniqueIdentifier>
      <Extensions>cpp;c;cc;cxx;def;odl;idl;hpj;bat;asm;asmx</Extensions>
    </Filter>
    <Filter Include="Source Files\Array">
      <UniqueIdentifier>{0b256068-2ec1-4b84-8ef4-985042788db6}</UniqueIdentifier>
    </Filter>
    <Filter Include="Source Files\Linkedlist">
      <UniqueIdentifier>{e950661b-772e-4424-842d-b2bf832d9575}</UniqueIdentifier>
    </Filter>
    <Filter Include="Source Files\BinaryTree">
      <UniqueIdentifier>{0897de08-1e9f-4a65-97e0-2e567978f26a}</UniqueIdentifier>
    </Filter>
    <Filter Include="Source Files\Math">
      <UniqueIdentifier>{3a027cdf-99a8-4e25-907d-80043679bf51}</UniqueIdentifier>
    </Filter>
    <Filter Include="Source Files\Math\DP">
      <UniqueIdentifier>{55f07eb7-b6c1-466b-aa0e-d52f03ba4c16}</UniqueIdentifier>
    </Filter>
    <Filter Include="Source Files\Math\BackTracking">
      <UniqueIdentifier>{84656f02-fdb8-44b5-ae7b-26aef40792a4}</UniqueIdentifier>
    </Filter>
  </ItemGroup>
  <ItemGroup>
    <ClCompile Include="..\..\formate.cpp">
      <Filter>Source Files</Filter>
    </ClCompile>
    <ClCompile Include="..\..\q2.cpp">
      <Filter>Source Files\Linkedlist</Filter>
    </ClCompile>
    <ClCompile Include="..\..\q5.cpp">
      <Filter>Source Files\Array</Filter>
    </ClCompile>
    <ClCompile Include="..\..\q6.cpp">
      <Filter>Source Files\Array</Filter>
    </ClCompile>
    <ClCompile Include="..\..\q7.cpp">
      <Filter>Source Files\Math</Filter>
    </ClCompile>
    <ClCompile Include="..\..\q58.cpp">
      <Filter>Source Files\Array</Filter>
    </ClCompile>
    <ClCompile Include="..\..\q55.cpp">
      <Filter>Source Files\Array</Filter>
    </ClCompile>
    <ClCompile Include="..\..\q53.cpp">
      <Filter>Source Files\Array</Filter>
    </ClCompile>
    <ClCompile Include="..\..\q50.cpp">
      <Filter>Source Files\Math</Filter>
    </ClCompile>
    <ClCompile Include="..\..\q49.cpp">
      <Filter>Source Files\Array</Filter>
    </ClCompile>
    <ClCompile Include="..\..\q48.cpp">
      <Filter>Source Files\Array</Filter>
    </ClCompile>
    <ClCompile Include="..\..\q47.cpp">
      <Filter>Source Files\Array</Filter>
    </ClCompile>
    <ClCompile Include="..\..\q46.cpp">
      <Filter>Source Files\Array</Filter>
    </ClCompile>
    <ClCompile Include="..\..\q45.cpp">
      <Filter>Source Files\Array</Filter>
    </ClCompile>
    <ClCompile Include="..\..\q43.cpp">
      <Filter>Source Files\Array</Filter>
    </ClCompile>
    <ClCompile Include="..\..\q41.cpp">
      <Filter>Source Files\Array</Filter>
    </ClCompile>
    <ClCompile Include="..\..\q40.cpp">
      <Filter>Source Files\Array</Filter>
    </ClCompile>
    <ClCompile Include="..\..\q39.cpp">
      <Filter>Source Files\Array</Filter>
    </ClCompile>
    <ClCompile Include="..\..\q38.cpp">
      <Filter>Source Files\Array</Filter>
    </ClCompile>
    <ClCompile Include="..\..\q36.cpp">
      <Filter>Source Files\Math</Filter>
    </ClCompile>
    <ClCompile Include="..\..\q35.cpp">
      <Filter>Source Files\Array</Filter>
    </ClCompile>
    <ClCompile Include="..\..\q34.cpp">
      <Filter>Source Files\Array</Filter>
    </ClCompile>
    <ClCompile Include="..\..\q33.cpp">
      <Filter>Source Files\Array</Filter>
    </ClCompile>
    <ClCompile Include="..\..\q32.cpp">
      <Filter>Source Files\Array</Filter>
    </ClCompile>
    <ClCompile Include="..\..\q31.cpp">
      <Filter>Source Files\Array</Filter>
    </ClCompile>
    <ClCompile Include="..\..\q30.cpp">
      <Filter>Source Files\Array</Filter>
    </ClCompile>
    <ClCompile Include="..\..\q29.cpp">
      <Filter>Source Files\Math</Filter>
    </ClCompile>
    <ClCompile Include="..\..\q28.cpp">
      <Filter>Source Files\Array</Filter>
    </ClCompile>
    <ClCompile Include="..\..\q27.cpp">
      <Filter>Source Files\Array</Filter>
    </ClCompile>
    <ClCompile Include="..\..\q26.cpp">
      <Filter>Source Files\Array</Filter>
    </ClCompile>
    <ClCompile Include="..\..\q25.cpp">
      <Filter>Source Files\Linkedlist</Filter>
    </ClCompile>
    <ClCompile Include="..\..\q22.cpp">
      <Filter>Source Files\Array</Filter>
    </ClCompile>
    <ClCompile Include="..\..\q21.cpp">
      <Filter>Source Files\Linkedlist</Filter>
    </ClCompile>
    <ClCompile Include="..\..\q20.cpp">
      <Filter>Source Files\Array</Filter>
    </ClCompile>
    <ClCompile Include="..\..\q19.cpp">
      <Filter>Source Files\Linkedlist</Filter>
    </ClCompile>
    <ClCompile Include="..\..\q18.cpp">
      <Filter>Source Files\Array</Filter>
    </ClCompile>
    <ClCompile Include="..\..\q17.cpp">
      <Filter>Source Files\Array</Filter>
    </ClCompile>
    <ClCompile Include="..\..\q16.cpp">
      <Filter>Source Files\Array</Filter>
    </ClCompile>
    <ClCompile Include="..\..\q15.cpp">
      <Filter>Source Files\Array</Filter>
    </ClCompile>
    <ClCompile Include="..\..\q14.cpp">
      <Filter>Source Files\Array</Filter>
    </ClCompile>
    <ClCompile Include="..\..\q13.cpp">
      <Filter>Source Files\Array</Filter>
    </ClCompile>
    <ClCompile Include="..\..\q11.cpp">
      <Filter>Source Files\Array</Filter>
    </ClCompile>
    <ClCompile Include="..\..\q9.cpp">
      <Filter>Source Files\Math</Filter>
    </ClCompile>
    <ClCompile Include="..\..\q8.cpp">
      <Filter>Source Files\Array</Filter>
    </ClCompile>
    <ClCompile Include="..\..\q119.cpp">
      <Filter>Source Files\Math</Filter>
    </ClCompile>
    <ClCompile Include="..\..\q118.cpp">
      <Filter>Source Files\Math</Filter>
    </ClCompile>
    <ClCompile Include="..\..\q112.cpp">
      <Filter>Source Files\BinaryTree</Filter>
    </ClCompile>
    <ClCompile Include="..\..\q111.cpp">
      <Filter>Source Files\BinaryTree</Filter>
    </ClCompile>
    <ClCompile Include="..\..\q110.cpp">
      <Filter>Source Files\BinaryTree</Filter>
    </ClCompile>
    <ClCompile Include="..\..\q107.cpp">
      <Filter>Source Files\BinaryTree</Filter>
    </ClCompile>
    <ClCompile Include="..\..\q104.cpp">
      <Filter>Source Files\BinaryTree</Filter>
    </ClCompile>
    <ClCompile Include="..\..\q102.cpp">
      <Filter>Source Files\BinaryTree</Filter>
    </ClCompile>
    <ClCompile Include="..\..\q101.cpp">
      <Filter>Source Files\BinaryTree</Filter>
    </ClCompile>
    <ClCompile Include="..\..\q100.cpp">
      <Filter>Source Files\BinaryTree</Filter>
    </ClCompile>
    <ClCompile Include="..\..\q88.cpp">
      <Filter>Source Files\Array</Filter>
    </ClCompile>
    <ClCompile Include="..\..\q83.cpp">
      <Filter>Source Files\Linkedlist</Filter>
    </ClCompile>
    <ClCompile Include="..\..\q70.cpp">
      <Filter>Source Files\Math\DP</Filter>
    </ClCompile>
    <ClCompile Include="..\..\q67.cpp">
      <Filter>Source Files\Array</Filter>
    </ClCompile>
    <ClCompile Include="..\..\q66.cpp">
      <Filter>Source Files\Array</Filter>
    </ClCompile>
    <ClCompile Include="..\..\q23.cpp">
      <Filter>Source Files\Linkedlist</Filter>
    </ClCompile>
    <ClCompile Include="..\..\q24.cpp">
      <Filter>Source Files\Linkedlist</Filter>
    </ClCompile>
    <ClCompile Include="..\..\q1_TowSum.cpp">
      <Filter>Source Files\Array</Filter>
    </ClCompile>
    <ClCompile Include="..\..\q3_LgNoRept.cpp">
      <Filter>Source Files\Array</Filter>
    </ClCompile>
  </ItemGroup>
  <ItemGroup>
    <ClInclude Include="Header.h">
      <Filter>Source Files</Filter>
    </ClInclude>
  </ItemGroup>
</Project>